
Microsoft Visual Studio Solution File, Format Version 12.00
# Visual Studio Version 16
VisualStudioVersion = 16.0.32802.440
MinimumVisualStudioVersion = 10.0.40219.1
Project("{FAE04EC0-301F-11D3-BF4B-00C04F79EFBC}") = "ejerciciosprog201", "ejerciciosprog201.csproj", "{AAB3F4D6-44AC-45AB-9541-6B03FE12E6F5}"
EndProject
Project("{FAE04EC0-301F-11D3-BF4B-00C04F79EFBC}") = "ejercicio 01 guia 1 max, min promedio", "..\ejercicio 01 guia 1 max, min promedio\ejercicio 01 guia 1 max, min promedio.csproj", "{9C0D472E-AA74-4B54-AA9B-F368E10CA5F7}"
EndProject
Global
	GlobalSection(SolutionConfigurationPlatforms) = preSolution
		Debug|Any CPU = Debug|Any CPU
		Release|Any CPU = Release|Any CPU
	EndGlobalSection
	GlobalSection(ProjectConfigurationPlatforms) = postSolution
		{AAB3F4D6-44AC-45AB-9541-6B03FE12E6F5}.Debug|Any CPU.ActiveCfg = Debug|Any CPU
		{AAB3F4D6-44AC-45AB-9541-6B03FE12E6F5}.Debug|Any CPU.Build.0 = Debug|Any CPU
		{AAB3F4D6-44AC-45AB-9541-6B03FE12E6F5}.Release|Any CPU.ActiveCfg = Release|Any CPU
		{AAB3F4D6-44AC-45AB-9541-6B03FE12E6F5}.Release|Any CPU.Build.0 = Release|Any CPU
		{9C0D472E-AA74-4B54-AA9B-F368E10CA5F7}.Debug|Any CPU.ActiveCfg = Debug|Any CPU
		{9C0D472E-AA74-4B54-AA9B-F368E10CA5F7}.Debug|Any CPU.Build.0 = Debug|Any CPU
		{9C0D472E-AA74-4B54-AA9B-F368E10CA5F7}.Release|Any CPU.ActiveCfg = Release|Any CPU
		{9C0D472E-AA74-4B54-AA9B-F368E10CA5F7}.Release|Any CPU.Build.0 = Release|Any CPU
	EndGlobalSection
	GlobalSection(SolutionProperties) = preSolution
		HideSolutionNode = FALSE
	EndGlobalSection
	GlobalSection(ExtensibilityGlobals) = postSolution
		SolutionGuid = {1AA2CAB1-1332-4B84-9411-D356902BA937}
	EndGlobalSection
EndGlobal
